// !$*UTF8*$!
{
	archiveVersion = 1;
	classes = {
	};
	objectVersion = 50;
	objects = {

/* Begin PBXBuildFile section */
		CEC3E95021E21B9A00BBDEBA /* AppDelegate.swift in Sources */ = {isa = PBXBuildFile; fileRef = CEC3E94F21E21B9A00BBDEBA /* AppDelegate.swift */; };
		CEC3E95521E21B9A00BBDEBA /* Main.storyboard in Resources */ = {isa = PBXBuildFile; fileRef = CEC3E95321E21B9A00BBDEBA /* Main.storyboard */; };
		CEC3E95721E21B9B00BBDEBA /* Assets.xcassets in Resources */ = {isa = PBXBuildFile; fileRef = CEC3E95621E21B9B00BBDEBA /* Assets.xcassets */; };
		CEC3E95A21E21B9B00BBDEBA /* LaunchScreen.storyboard in Resources */ = {isa = PBXBuildFile; fileRef = CEC3E95821E21B9B00BBDEBA /* LaunchScreen.storyboard */; };
		CEC3E96421E229CF00BBDEBA /* Game.swift in Sources */ = {isa = PBXBuildFile; fileRef = CEC3E96321E229CF00BBDEBA /* Game.swift */; };
		CEC3E96621E236A500BBDEBA /* GamesTableViewController.swift in Sources */ = {isa = PBXBuildFile; fileRef = CEC3E96521E236A500BBDEBA /* GamesTableViewController.swift */; };
		CEC3E96C21E23AB200BBDEBA /* GameTableViewCell.swift in Sources */ = {isa = PBXBuildFile; fileRef = CEC3E96B21E23AB200BBDEBA /* GameTableViewCell.swift */; };
/* End PBXBuildFile section */

/* Begin PBXFileReference section */
		CEC3E94C21E21B9A00BBDEBA /* Kurs-ios-cz-2-UITableView.app */ = {isa = PBXFileReference; explicitFileType = wrapper.application; includeInIndex = 0; path = "Kurs-ios-cz-2-UITableView.app"; sourceTree = BUILT_PRODUCTS_DIR; };
		CEC3E94F21E21B9A00BBDEBA /* AppDelegate.swift */ = {isa = PBXFileReference; lastKnownFileType = sourcecode.swift; path = AppDelegate.swift; sourceTree = "<group>"; };
		CEC3E95421E21B9A00BBDEBA /* Base */ = {isa = PBXFileReference; lastKnownFileType = file.storyboard; name = Base; path = Base.lproj/Main.storyboard; sourceTree = "<group>"; };
		CEC3E95621E21B9B00BBDEBA /* Assets.xcassets */ = {isa = PBXFileReference; lastKnownFileType = folder.assetcatalog; path = Assets.xcassets; sourceTree = "<group>"; };
		CEC3E95921E21B9B00BBDEBA /* Base */ = {isa = PBXFileReference; lastKnownFileType = file.storyboard; name = Base; path = Base.lproj/LaunchScreen.storyboard; sourceTree = "<group>"; };
		CEC3E95B21E21B9B00BBDEBA /* Info.plist */ = {isa = PBXFileReference; lastKnownFileType = text.plist.xml; path = Info.plist; sourceTree = "<group>"; };
		CEC3E96321E229CF00BBDEBA /* Game.swift */ = {isa = PBXFileReference; lastKnownFileType = sourcecode.swift; path = Game.swift; sourceTree = "<group>"; };
		CEC3E96521E236A500BBDEBA /* GamesTableViewController.swift */ = {isa = PBXFileReference; lastKnownFileType = sourcecode.swift; path = GamesTableViewController.swift; sourceTree = "<group>"; };
		CEC3E96B21E23AB200BBDEBA /* GameTableViewCell.swift */ = {isa = PBXFileReference; lastKnownFileType = sourcecode.swift; path = GameTableViewCell.swift; sourceTree = "<group>"; };
/* End PBXFileReference section */

/* Begin PBXFrameworksBuildPhase section */
		CEC3E94921E21B9A00BBDEBA /* Frameworks */ = {
			isa = PBXFrameworksBuildPhase;
			buildActionMask = 2147483647;
			files = (
			);
			runOnlyForDeploymentPostprocessing = 0;
		};
/* End PBXFrameworksBuildPhase section */

/* Begin PBXGroup section */
		CEC3E94321E21B9A00BBDEBA = {
			isa = PBXGroup;
			children = (
				CEC3E94E21E21B9A00BBDEBA /* Kurs-ios-cz-2-UITableView */,
				CEC3E94D21E21B9A00BBDEBA /* Products */,
			);
			sourceTree = "<group>";
		};
		CEC3E94D21E21B9A00BBDEBA /* Products */ = {
			isa = PBXGroup;
			children = (
				CEC3E94C21E21B9A00BBDEBA /* Kurs-ios-cz-2-UITableView.app */,
			);
			name = Products;
			sourceTree = "<group>";
		};
		CEC3E94E21E21B9A00BBDEBA /* Kurs-ios-cz-2-UITableView */ = {
			isa = PBXGroup;
			children = (
				CEC3E94F21E21B9A00BBDEBA /* AppDelegate.swift */,
				CEC3E95321E21B9A00BBDEBA /* Main.storyboard */,
				CEC3E95621E21B9B00BBDEBA /* Assets.xcassets */,
				CEC3E95821E21B9B00BBDEBA /* LaunchScreen.storyboard */,
				CEC3E95B21E21B9B00BBDEBA /* Info.plist */,
				CEC3E96321E229CF00BBDEBA /* Game.swift */,
				CEC3E96521E236A500BBDEBA /* GamesTableViewController.swift */,
				CEC3E96B21E23AB200BBDEBA /* GameTableViewCell.swift */,
			);
			path = "Kurs-ios-cz-2-UITableView";
			sourceTree = "<group>";
		};
/* End PBXGroup section */

/* Begin PBXNativeTarget section */
		CEC3E94B21E21B9A00BBDEBA /* Kurs-ios-cz-2-UITableView */ = {
			isa = PBXNativeTarget;
			buildConfigurationList = CEC3E95E21E21B9B00BBDEBA /* Build configuration list for PBXNativeTarget "Kurs-ios-cz-2-UITableView" */;
			buildPhases = (
				CEC3E94821E21B9A00BBDEBA /* Sources */,
				CEC3E94921E21B9A00BBDEBA /* Frameworks */,
				CEC3E94A21E21B9A00BBDEBA /* Resources */,
			);
			buildRules = (
			);
			dependencies = (
			);
			name = "Kurs-ios-cz-2-UITableView";
			productName = "Kurs-ios-cz-2-UITableView";
			productReference = CEC3E94C21E21B9A00BBDEBA /* Kurs-ios-cz-2-UITableView.app */;
			productType = "com.apple.product-type.application";
		};
/* End PBXNativeTarget section */

/* Begin PBXProject section */
		CEC3E94421E21B9A00BBDEBA /* Project object */ = {
			isa = PBXProject;
			attributes = {
				LastSwiftUpdateCheck = 1010;
				LastUpgradeCheck = 1010;
				ORGANIZATIONNAME = Programujac;
				TargetAttributes = {
					CEC3E94B21E21B9A00BBDEBA = {
						CreatedOnToolsVersion = 10.1;
					};
				};
			};
			buildConfigurationList = CEC3E94721E21B9A00BBDEBA /* Build configuration list for PBXProject "Kurs-ios-cz-2-UITableView" */;
			compatibilityVersion = "Xcode 9.3";
			developmentRegion = en;
			hasScannedForEncodings = 0;
			knownRegions = (
				en,
				Base,
			);
			mainGroup = CEC3E94321E21B9A00BBDEBA;
			productRefGroup = CEC3E94D21E21B9A00BBDEBA /* Products */;
			projectDirPath = "";
			projectRoot = "";
			targets = (
				CEC3E94B21E21B9A00BBDEBA /* Kurs-ios-cz-2-UITableView */,
			);
		};
/* End PBXProject section */

/* Begin PBXResourcesBuildPhase section */
		CEC3E94A21E21B9A00BBDEBA /* Resources */ = {
			isa = PBXResourcesBuildPhase;
			buildActionMask = 2147483647;
			files = (
				CEC3E95A21E21B9B00BBDEBA /* LaunchScreen.storyboard in Resources */,
				CEC3E95721E21B9B00BBDEBA /* Assets.xcassets in Resources */,
				CEC3E95521E21B9A00BBDEBA /* Main.storyboard in Resources */,
			);
			runOnlyForDeploymentPostprocessing = 0;
		};
/* End PBXResourcesBuildPhase section */

/* Begin PBXSourcesBuildPhase section */
		CEC3E94821E21B9A00BBDEBA /* Sources */ = {
			isa = PBXSourcesBuildPhase;
			buildActionMask = 2147483647;
			files = (
				CEC3E96421E229CF00BBDEBA /* Game.swift in Sources */,
				CEC3E96621E236A500BBDEBA /* GamesTableViewController.swift in Sources */,
				CEC3E95021E21B9A00BBDEBA /* AppDelegate.swift in Sources */,
				CEC3E96C21E23AB200BBDEBA /* GameTableViewCell.swift in Sources */,
			);
			runOnlyForDeploymentPostprocessing = 0;
		};
/* End PBXSourcesBuildPhase section */

/* Begin PBXVariantGroup section */
		CEC3E95321E21B9A00BBDEBA /* Main.storyboard */ = {
			isa = PBXVariantGroup;
			children = (
				CEC3E95421E21B9A00BBDEBA /* Base */,
			);
			name = Main.storyboard;
			sourceTree = "<group>";
		};
		CEC3E95821E21B9B00BBDEBA /* LaunchScreen.storyboard */ = {
			isa = PBXVariantGroup;
			children = (
				CEC3E95921E21B9B00BBDEBA /* Base */,
			);
			name = LaunchScreen.storyboard;
			sourceTree = "<group>";
		};
/* End PBXVariantGroup section */

/* Begin XCBuildConfiguration section */
		CEC3E95C21E21B9B00BBDEBA /* Debug */ = {
			isa = XCBuildConfiguration;
			buildSettings = {
				ALWAYS_SEARCH_USER_PATHS = NO;
				CLANG_ANALYZER_NONNULL = YES;
				CLANG_ANALYZER_NUMBER_OBJECT_CONVERSION = YES_AGGRESSIVE;
				CLANG_CXX_LANGUAGE_STANDARD = "gnu++14";
				CLANG_CXX_LIBRARY = "libc++";
				CLANG_ENABLE_MODULES = YES;
				CLANG_ENABLE_OBJC_ARC = YES;
				CLANG_ENABLE_OBJC_WEAK = YES;
				CLANG_WARN_BLOCK_CAPTURE_AUTORELEASING = YES;
				CLANG_WARN_BOOL_CONVERSION = YES;
				CLANG_WARN_COMMA = YES;
				CLANG_WARN_CONSTANT_CONVERSION = YES;
				CLANG_WARN_DEPRECATED_OBJC_IMPLEMENTATIONS = YES;
				CLANG_WARN_DIRECT_OBJC_ISA_USAGE = YES_ERROR;
				CLANG_WARN_DOCUMENTATION_COMMENTS = YES;
				CLANG_WARN_EMPTY_BODY = YES;
				CLANG_WARN_ENUM_CONVERSION = YES;
				CLANG_WARN_INFINITE_RECURSION = YES;
				CLANG_WARN_INT_CONVERSION = YES;
				CLANG_WARN_NON_LITERAL_NULL_CONVERSION = YES;
				CLANG_WARN_OBJC_IMPLICIT_RETAIN_SELF = YES;
				CLANG_WARN_OBJC_LITERAL_CONVERSION = YES;
				CLANG_WARN_OBJC_ROOT_CLASS = YES_ERROR;
				CLANG_WARN_RANGE_LOOP_ANALYSIS = YES;
				CLANG_WARN_STRICT_PROTOTYPES = YES;
				CLANG_WARN_SUSPICIOUS_MOVE = YES;
				CLANG_WARN_UNGUARDED_AVAILABILITY = YES_AGGRESSIVE;
				CLANG_WARN_UNREACHABLE_CODE = YES;
				CLANG_WARN__DUPLICATE_METHOD_MATCH = YES;
				CODE_SIGN_IDENTITY = "iPhone Developer";
				COPY_PHASE_STRIP = NO;
				DEBUG_INFORMATION_FORMAT = dwarf;
				ENABLE_STRICT_OBJC_MSGSEND = YES;
				ENABLE_TESTABILITY = YES;
				GCC_C_LANGUAGE_STANDARD = gnu11;
				GCC_DYNAMIC_NO_PIC = NO;
				GCC_NO_COMMON_BLOCKS = YES;
				GCC_OPTIMIZATION_LEVEL = 0;
				GCC_PREPROCESSOR_DEFINITIONS = (
					"DEBUG=1",
					"$(inherited)",
				);
				GCC_WARN_64_TO_32_BIT_CONVERSION = YES;
				GCC_WARN_ABOUT_RETURN_TYPE = YES_ERROR;
				GCC_WARN_UNDECLARED_SELECTOR = YES;
				GCC_WARN_UNINITIALIZED_AUTOS = YES_AGGRESSIVE;
				GCC_WARN_UNUSED_FUNCTION = YES;
				GCC_WARN_UNUSED_VARIABLE = YES;
				IPHONEOS_DEPLOYMENT_TARGET = 12.1;
				MTL_ENABLE_DEBUG_INFO = INCLUDE_SOURCE;
				MTL_FAST_MATH = YES;
				ONLY_ACTIVE_ARCH = YES;
				SDKROOT = iphoneos;
				SWIFT_ACTIVE_COMPILATION_CONDITIONS = DEBUG;
				SWIFT_OPTIMIZATION_LEVEL = "-Onone";
			};
			name = Debug;
		};
		CEC3E95D21E21B9B00BBDEBA /* Release */ = {
			isa = XCBuildConfiguration;
			buildSettings = {
				ALWAYS_SEARCH_USER_PATHS = NO;
				CLANG_ANALYZER_NONNULL = YES;
				CLANG_ANALYZER_NUMBER_OBJECT_CONVERSION = YES_AGGRESSIVE;
				CLANG_CXX_LANGUAGE_STANDARD = "gnu++14";
				CLANG_CXX_LIBRARY = "libc++";
				CLANG_ENABLE_MODULES = YES;
				CLANG_ENABLE_OBJC_ARC = YES;
				CLANG_ENABLE_OBJC_WEAK = YES;
				CLANG_WARN_BLOCK_CAPTURE_AUTORELEASING = YES;
				CLANG_WARN_BOOL_CONVERSION = YES;
				CLANG_WARN_COMMA = YES;
				CLANG_WARN_CONSTANT_CONVERSION = YES;
				CLANG_WARN_DEPRECATED_OBJC_IMPLEMENTATIONS = YES;
				CLANG_WARN_DIRECT_OBJC_ISA_USAGE = YES_ERROR;
				CLANG_WARN_DOCUMENTATION_COMMENTS = YES;
				CLANG_WARN_EMPTY_BODY = YES;
				CLANG_WARN_ENUM_CONVERSION = YES;
				CLANG_WARN_INFINITE_RECURSION = YES;
				CLANG_WARN_INT_CONVERSION = YES;
				CLANG_WARN_NON_LITERAL_NULL_CONVERSION = YES;
				CLANG_WARN_OBJC_IMPLICIT_RETAIN_SELF = YES;
				CLANG_WARN_OBJC_LITERAL_CONVERSION = YES;
				CLANG_WARN_OBJC_ROOT_CLASS = YES_ERROR;
				CLANG_WARN_RANGE_LOOP_ANALYSIS = YES;
				CLANG_WARN_STRICT_PROTOTYPES = YES;
				CLANG_WARN_SUSPICIOUS_MOVE = YES;
				CLANG_WARN_UNGUARDED_AVAILABILITY = YES_AGGRESSIVE;
				CLANG_WARN_UNREACHABLE_CODE = YES;
				CLANG_WARN__DUPLICATE_METHOD_MATCH = YES;
				CODE_SIGN_IDENTITY = "iPhone Developer";
				COPY_PHASE_STRIP = NO;
				DEBUG_INFORMATION_FORMAT = "dwarf-with-dsym";
				ENABLE_NS_ASSERTIONS = NO;
				ENABLE_STRICT_OBJC_MSGSEND = YES;
				GCC_C_LANGUAGE_STANDARD = gnu11;
				GCC_NO_COMMON_BLOCKS = YES;
				GCC_WARN_64_TO_32_BIT_CONVERSION = YES;
				GCC_WARN_ABOUT_RETURN_TYPE = YES_ERROR;
				GCC_WARN_UNDECLARED_SELECTOR = YES;
				GCC_WARN_UNINITIALIZED_AUTOS = YES_AGGRESSIVE;
				GCC_WARN_UNUSED_FUNCTION = YES;
				GCC_WARN_UNUSED_VARIABLE = YES;
				IPHONEOS_DEPLOYMENT_TARGET = 12.1;
				MTL_ENABLE_DEBUG_INFO = NO;
				MTL_FAST_MATH = YES;
				SDKROOT = iphoneos;
				SWIFT_COMPILATION_MODE = wholemodule;
				SWIFT_OPTIMIZATION_LEVEL = "-O";
				VALIDATE_PRODUCT = YES;
			};
			name = Release;
		};
		CEC3E95F21E21B9B00BBDEBA /* Debug */ = {
			isa = XCBuildConfiguration;
			buildSettings = {
				ASSETCATALOG_COMPILER_APPICON_NAME = AppIcon;
				CODE_SIGN_STYLE = Automatic;
				INFOPLIST_FILE = "Kurs-ios-cz-2-UITableView/Info.plist";
				LD_RUNPATH_SEARCH_PATHS = (
					"$(inherited)",
					"@executable_path/Frameworks",
				);
				PRODUCT_BUNDLE_IDENTIFIER = "Programujac.Kurs-ios-cz-2-UITableView";
				PRODUCT_NAME = "$(TARGET_NAME)";
				SWIFT_VERSION = 4.2;
				TARGETED_DEVICE_FAMILY = "1,2";
			};
			name = Debug;
		};
		CEC3E96021E21B9B00BBDEBA /* Release */ = {
			isa = XCBuildConfiguration;
			buildSettings = {
				ASSETCATALOG_COMPILER_APPICON_NAME = AppIcon;
				CODE_SIGN_STYLE = Automatic;
				INFOPLIST_FILE = "Kurs-ios-cz-2-UITableView/Info.plist";
				LD_RUNPATH_SEARCH_PATHS = (
					"$(inherited)",
					"@executable_path/Frameworks",
				);
				PRODUCT_BUNDLE_IDENTIFIER = "Programujac.Kurs-ios-cz-2-UITableView";
				PRODUCT_NAME = "$(TARGET_NAME)";
				SWIFT_VERSION = 4.2;
				TARGETED_DEVICE_FAMILY = "1,2";
			};
			name = Release;
		};
/* End XCBuildConfiguration section */

/* Begin XCConfigurationList section */
		CEC3E94721E21B9A00BBDEBA /* Build configuration list for PBXProject "Kurs-ios-cz-2-UITableView" */ = {
			isa = XCConfigurationList;
			buildConfigurations = (
				CEC3E95C21E21B9B00BBDEBA /* Debug */,
				CEC3E95D21E21B9B00BBDEBA /* Release */,
			);
			defaultConfigurationIsVisible = 0;
			defaultConfigurationName = Release;
		};
		CEC3E95E21E21B9B00BBDEBA /* Build configuration list for PBXNativeTarget "Kurs-ios-cz-2-UITableView" */ = {
			isa = XCConfigurationList;
			buildConfigurations = (
				CEC3E95F21E21B9B00BBDEBA /* Debug */,
				CEC3E96021E21B9B00BBDEBA /* Release */,
			);
			defaultConfigurationIsVisible = 0;
			defaultConfigurationName = Release;
		};
/* End XCConfigurationList section */
	};
	rootObject = CEC3E94421E21B9A00BBDEBA /* Project object */;
}
